# This file is automatically @generated by Cargo.
# It is not intended for manual editing.
version = 4

[[package]]
name = "build_only"
version = "0.1.0"

[[package]]
name = "dev_only"
version = "0.1.0"

[[package]]
name = "iced"
version = "0.14.1"
dependencies = [
 "iced_graphics",
]

[[package]]
name = "iced_graphics"
version = "0.14.1"

[[package]]
name = "no_licence"
version = "0.1.0"

[[package]]
name = "notes_dep"
version = "1.2.0"
dependencies = [
 "no_licence",
]

[[package]]
name = "release-app"
version = "0.3.0"
dependencies = [
 "build_only",
 "dev_only",
 "iced",
 "notes_dep",
]
