# This file is automatically @generated by Cargo.
# It is not intended for manual editing.
version = 4

[[package]]
name = "fixture-app"
version = "0.3.0"
dependencies = [
 "iced",
]

[[package]]
name = "iced"
version = "0.14.1"
source = "git+https://github.com/patricksmithlaravel/iced_mobile?tag=v0.14.1-mobile.1#e8bc51b5f0e3a1c2d4b5a6978877665544332211"

[[package]]
name = "iced_core"
version = "0.14.1"
source = "git+https://github.com/patricksmithlaravel/iced_mobile?tag=v0.14.1-mobile.1#e8bc51b5f0e3a1c2d4b5a6978877665544332211"

[[package]]
name = "softbuffer"
version = "0.4.8"
source = "registry+https://github.com/rust-lang/crates.io-index"

[[package]]
name = "winit"
version = "0.30.13"
source = "registry+https://github.com/rust-lang/crates.io-index"
