# This file is automatically @generated by Cargo.
# It is not intended for manual editing.
# Fixture: a widget crate pulls iced_core from crates.io next to the fork's.
version = 4

[[package]]
name = "fixture-app"
version = "0.3.0"
dependencies = [
 "iced",
 "some_widgets",
]

[[package]]
name = "iced"
version = "0.14.1"
source = "git+https://github.com/patricksmithlaravel/iced_mobile?tag=v0.14.1-mobile.1#e8bc51b5f0e3a1c2d4b5a6978877665544332211"

[[package]]
name = "iced_core"
version = "0.14.1"
source = "git+https://github.com/patricksmithlaravel/iced_mobile?tag=v0.14.1-mobile.1#e8bc51b5f0e3a1c2d4b5a6978877665544332211"

[[package]]
name = "iced_core"
version = "0.13.2"
source = "registry+https://github.com/rust-lang/crates.io-index"

[[package]]
name = "some_widgets"
version = "0.5.0"
source = "registry+https://github.com/rust-lang/crates.io-index"
dependencies = [
 "iced_core 0.13.2",
]

[[package]]
name = "winit"
version = "0.30.13"
source = "registry+https://github.com/rust-lang/crates.io-index"
